{
  "name": "tryingSTJS",
  "lockfileVersion": 2,
  "requires": true,
  "packages": {
    "": {
      "dependencies": {
        "soundtouchjs": "^0.1.30"
      }
    },
    "node_modules/soundtouchjs": {
      "version": "0.1.30",
      "resolved": "https://registry.npmjs.org/soundtouchjs/-/soundtouchjs-0.1.30.tgz",
      "integrity": "sha512-qc1kMCPQ+SH8tmoPwVSpVInGAE4XFyQ5uZLm1rLyGjwD+MT2ZdBWHWureyq2akDBYBE81GI0I0FdLCNBf86zDQ=="
    }
  },
  "dependencies": {
    "soundtouchjs": {
      "version": "0.1.30",
      "resolved": "https://registry.npmjs.org/soundtouchjs/-/soundtouchjs-0.1.30.tgz",
      "integrity": "sha512-qc1kMCPQ+SH8tmoPwVSpVInGAE4XFyQ5uZLm1rLyGjwD+MT2ZdBWHWureyq2akDBYBE81GI0I0FdLCNBf86zDQ=="
    }
  }
}
